
Microsoft Visual Studio Solution File, Format Version 12.00
# Visual Studio Version 16
VisualStudioVersion = 16.0.29519.87
MinimumVisualStudioVersion = 10.0.40219.1
Project("{9A19103F-16F7-4668-BE54-9A1E7A4F7556}") = "HanoiComputer.WebApp", "HanoiComputer.WebApp\HanoiComputer.WebApp.csproj", "{C049C5D9-7259-4924-AF13-32A810B4E721}"
EndProject
Project("{2150E333-8FDC-42A3-9474-1A3956D46DE8}") = "Solution Items", "Solution Items", "{B89674F9-E4ED-470B-88C3-386505FEE12B}"
	ProjectSection(SolutionItems) = preProject
		README.md = README.md
	EndProjectSection
EndProject
Project("{FAE04EC0-301F-11D3-BF4B-00C04F79EFBC}") = "HanoiComputerSolution.Application", "HanoiComputerSolution.Application\HanoiComputerSolution.Application.csproj", "{B7271A12-FDE4-45E7-B968-16AAAF0D342C}"
EndProject
Project("{FAE04EC0-301F-11D3-BF4B-00C04F79EFBC}") = "HanoiComputerSolution.Data", "HanoiComputerSolution.Data\HanoiComputerSolution.Data.csproj", "{59C041C6-0BDD-48D4-A40F-1BDAB707F40C}"
EndProject
Global
	GlobalSection(SolutionConfigurationPlatforms) = preSolution
		Debug|Any CPU = Debug|Any CPU
		Release|Any CPU = Release|Any CPU
	EndGlobalSection
	GlobalSection(ProjectConfigurationPlatforms) = postSolution
		{C049C5D9-7259-4924-AF13-32A810B4E721}.Debug|Any CPU.ActiveCfg = Debug|Any CPU
		{C049C5D9-7259-4924-AF13-32A810B4E721}.Debug|Any CPU.Build.0 = Debug|Any CPU
		{C049C5D9-7259-4924-AF13-32A810B4E721}.Release|Any CPU.ActiveCfg = Release|Any CPU
		{C049C5D9-7259-4924-AF13-32A810B4E721}.Release|Any CPU.Build.0 = Release|Any CPU
		{B7271A12-FDE4-45E7-B968-16AAAF0D342C}.Debug|Any CPU.ActiveCfg = Debug|Any CPU
		{B7271A12-FDE4-45E7-B968-16AAAF0D342C}.Debug|Any CPU.Build.0 = Debug|Any CPU
		{B7271A12-FDE4-45E7-B968-16AAAF0D342C}.Release|Any CPU.ActiveCfg = Release|Any CPU
		{B7271A12-FDE4-45E7-B968-16AAAF0D342C}.Release|Any CPU.Build.0 = Release|Any CPU
		{59C041C6-0BDD-48D4-A40F-1BDAB707F40C}.Debug|Any CPU.ActiveCfg = Debug|Any CPU
		{59C041C6-0BDD-48D4-A40F-1BDAB707F40C}.Debug|Any CPU.Build.0 = Debug|Any CPU
		{59C041C6-0BDD-48D4-A40F-1BDAB707F40C}.Release|Any CPU.ActiveCfg = Release|Any CPU
		{59C041C6-0BDD-48D4-A40F-1BDAB707F40C}.Release|Any CPU.Build.0 = Release|Any CPU
	EndGlobalSection
	GlobalSection(SolutionProperties) = preSolution
		HideSolutionNode = FALSE
	EndGlobalSection
	GlobalSection(ExtensibilityGlobals) = postSolution
		SolutionGuid = {7C24C237-E6C1-4EB1-8FAA-D3803F15CCC1}
	EndGlobalSection
EndGlobal
